
Microsoft Visual Studio Solution File, Format Version 12.00
# Visual Studio Version 17
VisualStudioVersion = 17.9.34723.18
MinimumVisualStudioVersion = 10.0.40219.1
Project("{9A19103F-16F7-4668-BE54-9A1E7A4F7556}") = "WebAppRazorPages", "WebAppRazorPages\WebAppRazorPages.csproj", "{DBBB45AB-F063-4D5B-B8DD-44837AB9E249}"
EndProject
Project("{2150E333-8FDC-42A3-9474-1A3956D46DE8}") = "Solution Items", "Solution Items", "{6293A13E-20B4-4D00-8531-E91E541B1D7B}"
	ProjectSection(SolutionItems) = preProject
		.gitignore = .gitignore
	EndProjectSection
EndProject
Global
	GlobalSection(SolutionConfigurationPlatforms) = preSolution
		Debug|Any CPU = Debug|Any CPU
		Release|Any CPU = Release|Any CPU
	EndGlobalSection
	GlobalSection(ProjectConfigurationPlatforms) = postSolution
		{DBBB45AB-F063-4D5B-B8DD-44837AB9E249}.Debug|Any CPU.ActiveCfg = Debug|Any CPU
		{DBBB45AB-F063-4D5B-B8DD-44837AB9E249}.Debug|Any CPU.Build.0 = Debug|Any CPU
		{DBBB45AB-F063-4D5B-B8DD-44837AB9E249}.Release|Any CPU.ActiveCfg = Release|Any CPU
		{DBBB45AB-F063-4D5B-B8DD-44837AB9E249}.Release|Any CPU.Build.0 = Release|Any CPU
	EndGlobalSection
	GlobalSection(SolutionProperties) = preSolution
		HideSolutionNode = FALSE
	EndGlobalSection
	GlobalSection(ExtensibilityGlobals) = postSolution
		SolutionGuid = {9BE9D32D-F794-4EA4-ADD8-2CF82181917B}
	EndGlobalSection
EndGlobal
